PackratFormat: 1.4
PackratVersion: 0.9.2
RVersion: 4.2.0
Repos: CRAN=https://cran.rstudio.com/

Package: BH
Source: CRAN
Version: 1.81.0-1
Hash: 74fa69dc3311b0110285beec56d6c815

Package: DBI
Source: CRAN
Version: 1.1.3
Hash: 7dcd002c792e29900d0189d8678fea64

Package: DiceDesign
Source: CRAN
Version: 1.9
Hash: b937c227a571f60469ea6ecda1f44fc3

Package: GGally
Source: CRAN
Version: 2.1.2
Hash: e896e64af2cec78f2b7afff2ea746004
Requires: RColorBrewer, dplyr, forcats, ggplot2, gtable, lifecycle,
    plyr, progress, reshape, rlang, scales, tidyr

Package: GPfit
Source: CRAN
Version: 1.0-8
Hash: 605b5743adbf56cc93d922617ec44687
Requires: lhs

Package: HDInterval
Source: CRAN
Version: 0.2.2
Hash: abfef5435e937a9132df7289d27fd647

Package: KMsurv
Source: CRAN
Version: 0.1-5
Hash: 7f4400e5d72c2fc9adc154f7635c59d0

Package: MCMCvis
Source: CRAN
Version: 0.15.5
Hash: aa00dffc0587541568f51e3bde531012
Requires: coda, colorspace, overlapping, rstan

Package: MatrixModels
Source: CRAN
Version: 0.5-1
Hash: 17e55b34f8e74cf390d807cd99fc52d1

Package: ModelMetrics
Source: CRAN
Version: 1.2.2.2
Hash: 8f98ea2d0a4edf837b16ba2f71ee84a6
Requires: Rcpp, data.table

Package: R6
Source: CRAN
Version: 2.5.1
Hash: 54378e523d0281f8d38c379484a3b7b5

Package: RColorBrewer
Source: CRAN
Version: 1.1-3
Hash: c25e77c542c7cfa38c99c348677c62fc

Package: RCurl
Source: CRAN
Version: 1.98-1.6
Hash: 45c259051a18f470de65a7d152978003
Requires: bitops

Package: RStoolbox
Source: CRAN
Version: 0.3.0
Hash: 1e7d0b2a6c8937b8bb709c5b0711c7cd
Requires: Rcpp, RcppArmadillo, caret, doParallel, dplyr, exactextractr,
    foreach, ggplot2, lifecycle, raster, reshape2, rgdal, sf, sp,
    terra, XML

Package: Rcpp
Source: CRAN
Version: 1.0.11
Hash: dbb096061a44d0041dc85f9b9d564d68

Package: RcppArmadillo
Source: CRAN
Version: 0.11.4.2.1
Hash: b6d659094a1f2896be1a32d327c0dc3c
Requires: Rcpp

Package: RcppEigen
Source: CRAN
Version: 0.3.3.9.3
Hash: 7c78711489a69bd03e082f0ffbc634ed
Requires: Rcpp

Package: RcppParallel
Source: CRAN
Version: 5.1.7
Hash: 6e085890d717948fa044131da732975f

Package: RgoogleMaps
Source: CRAN
Version: 1.4.5.3
Hash: 2f68bca0ee2c65c854700ddfc4e2a1a5
Requires: sp, png

Package: Rttf2pt1
Source: CRAN
Version: 1.3.10
Hash: 0791662709cb999b258fefe952a20af1

Package: SQUAREM
Source: CRAN
Version: 2021.1
Hash: 5e94d696f9300f1fa24e226d11de90a2

Package: SparseM
Source: CRAN
Version: 1.81
Hash: 63f68898b45da389f03ee8430734ad06

Package: StanHeaders
Source: CRAN
Version: 2.26.27
Hash: 8e743bca83cbc3c7979d1ec97219a629
Requires: RcppEigen, RcppParallel

Package: V8
Source: CRAN
Version: 4.2.0
Hash: 4f2d28c1dd31c2f4482fa8c9408396ba
Requires: Rcpp, curl, jsonlite

Package: XML
Source: CRAN
Version: 3.99-0.9
Hash: 683f728baddccd5764fecc98835ac236

Package: abind
Source: CRAN
Version: 1.4-5
Hash: 1ceb86ef5ebe776ed4753ab6165eb6d7

Package: arrayhelpers
Source: CRAN
Version: 1.1-0
Hash: d61faa62c762d5e24e01dbfc78e36c88
Requires: svUnit

Package: askpass
Source: CRAN
Version: 1.1
Hash: 6f6c430e3cd0dd7d48f447700f4d7e7f
Requires: sys

Package: assertthat
Source: CRAN
Version: 0.2.1
Hash: 622be49032fe50bd42e96aaef613e209

Package: backports
Source: CRAN
Version: 1.4.1
Hash: a7ac88d6c7250b57f53870ee2cfcd2be

Package: base64enc
Source: CRAN
Version: 0.1-3
Hash: c590d29e555926af053055e23ee79efb

Package: basemaps
Source: github
Version: 0.0.5
Hash: fd9203795e8dc3377ed699cf6638b651
Requires: curl, httr, magick, pbapply, sf, slippymath, terra
GithubRepo: basemaps
GithubUsername: 16EAGLE
GithubRef: HEAD
GithubSha1: 299854d9bc6986231c393f8232828e797dd667ff
RemoteHost: api.github.com
RemoteRepo: basemaps
RemoteUsername: 16EAGLE
RemoteRef: HEAD
RemoteSha: 299854d9bc6986231c393f8232828e797dd667ff

Package: bigD
Source: CRAN
Version: 0.2.0
Hash: 5e5e4226aad8d03eac58630f60dc0ae4

Package: bit
Source: CRAN
Version: 4.0.5
Hash: 0f83d3b9112f230be32eceee76d3143c

Package: bit64
Source: CRAN
Version: 4.0.5
Hash: f82a5f545b6ed024639c3b9358c5e19f
Requires: bit

Package: bitops
Source: CRAN
Version: 1.0-7
Hash: a1c58663065ce2dec2fb066c699e2e11

Package: blob
Source: CRAN
Version: 1.2.3
Hash: 1a3fe072eda0c329d735715cb8c3b5ad
Requires: rlang, vctrs

Package: brio
Source: CRAN
Version: 1.1.3
Hash: 161bbc04576cd2712c0150d69f757afe

Package: broom
Source: CRAN
Version: 1.0.3
Hash: d2b323942a3e42be2bc5be6df0867116
Requires: backports, dplyr, ellipsis, generics, glue, purrr, rlang,
    stringr, tibble, tidyr

Package: broom.mixed
Source: CRAN
Version: 0.2.9.4
Hash: b127f40a8ed5c39369e3f40adc2fd982
Requires: broom, dplyr, forcats, furrr, purrr, stringr, tibble, tidyr,
    coda

Package: bslib
Source: CRAN
Version: 0.5.1
Hash: 61821e0c1a9e48417410e75f203e64a4
Requires: base64enc, cachem, htmltools, jsonlite, memoise, mime, rlang,
    jquerylib, sass

Package: cachem
Source: CRAN
Version: 1.0.8
Hash: be5d736676d480f72a95586f0148994d
Requires: rlang, fastmap

Package: callr
Source: CRAN
Version: 3.7.3
Hash: 23e7c3c608e2ffd6416e9b3b3930e5dc
Requires: R6, processx

Package: car
Source: CRAN
Version: 3.1-1
Hash: e2c02c181ecaa763a9a4e6f9adc3f296
Requires: abind, lme4, pbkrtest, quantreg, scales, carData

Package: carData
Source: CRAN
Version: 3.0-5
Hash: a2bada96f5b91992858707a1550eae95

Package: caret
Source: CRAN
Version: 6.0-92
Hash: 440e861e69c4fdf1f3d5b8be1967e6e6
Requires: ModelMetrics, e1071, foreach, ggplot2, pROC, plyr, recipes,
    reshape2, withr

Package: cellranger
Source: CRAN
Version: 1.1.0
Hash: be9d203e7849f73818b36f93e9273c2c
Requires: rematch, tibble

Package: checkmate
Source: CRAN
Version: 2.2.0
Hash: 20fb981d09afc33978b621c5f311ac36
Requires: backports

Package: classInt
Source: CRAN
Version: 0.4-10
Hash: 2b7a9da9d1d47aa62778a8e09504e57f
Requires: e1071

Package: cli
Source: CRAN
Version: 3.6.1
Hash: c1fdcb56ed5da3257ea62b04d90362b3

Package: clipr
Source: CRAN
Version: 0.8.0
Hash: f8ae5e8ad6b3e416249379deec7e9c6f

Package: clisymbols
Source: CRAN
Version: 1.2.0
Hash: a76a309884277a4fd8a5d741965fbef5

Package: coda
Source: CRAN
Version: 0.19-4
Hash: a606ee27234281abba4156cfacf70a61

Package: colorspace
Source: CRAN
Version: 2.1-0
Hash: 6a084fff322b220f3aacc8af283b26c1

Package: commonmark
Source: CRAN
Version: 1.9.0
Hash: 163e0514adafa25e25c9aa5d11d778cb

Package: conflicted
Source: CRAN
Version: 1.1.0
Hash: f6954de7a4d9087ab537f2dc305b04ca
Requires: rlang, memoise

Package: corrplot
Source: CRAN
Version: 0.92
Hash: 4ee7c2290d1b7747bdd9a77ccd2f3d11

Package: cowplot
Source: CRAN
Version: 1.1.1
Hash: 1dfaf13847047d361ca03105b45833a2
Requires: gtable, rlang, scales, ggplot2

Package: cpp11
Source: CRAN
Version: 0.4.5
Hash: b4a804f2aadd62fb0a5f4157374db8d0

Package: crayon
Source: CRAN
Version: 1.5.2
Hash: 7904f3b18063550691940a88a588807e

Package: crul
Source: CRAN
Version: 1.3
Hash: 25a5af01981320c12465c693b9f8adb5
Requires: R6, curl, jsonlite, urltools, httpcode, mime

Package: curl
Source: CRAN
Version: 5.0.0
Hash: b24b4649334d4dae257595125a21ecdc

Package: data.table
Source: CRAN
Version: 1.14.6
Hash: ea3fd1cd38b37e8fd29c42038b2562b7

Package: dbplyr
Source: CRAN
Version: 2.3.0
Hash: e694e4fc5abdad9b0d1dd82b6228b1a3
Requires: DBI, R6, blob, cli, glue, lifecycle, magrittr, pillar, purrr,
    rlang, tibble, tidyselect, vctrs, withr, assertthat, dplyr

Package: desc
Source: CRAN
Version: 1.4.2
Hash: 35b3c07d01624778191b58f107ae2e5c
Requires: R6, cli, rprojroot

Package: dials
Source: CRAN
Version: 0.1.1
Hash: 9bf64d6778391e7ac100c01d3f824698
Requires: dplyr, glue, hardhat, lifecycle, purrr, rlang, scales,
    tibble, vctrs, withr, DiceDesign

Package: diffobj
Source: CRAN
Version: 0.3.5
Hash: 578796bf3d5e5bcbc07e9886a1d6a4d2
Requires: crayon

Package: digest
Source: CRAN
Version: 0.6.33
Hash: ec0ce7cf3e8a7dfeb1eb7b9a6a122ad9

Package: distributional
Source: CRAN
Version: 0.3.2
Hash: 399253edd17960fc1b342576adf2585f
Requires: digest, farver, generics, ggplot2, lifecycle, numDeriv,
    rlang, scales, vctrs

Package: doParallel
Source: CRAN
Version: 1.0.17
Hash: f9b073cead7aa822d1725f8212928610
Requires: foreach, iterators

Package: dplyr
Source: CRAN
Version: 1.1.2
Hash: 4c47196a159c67e22413a3875e930429
Requires: R6, cli, generics, glue, lifecycle, magrittr, pillar, rlang,
    tibble, tidyselect, vctrs

Package: dtplyr
Source: CRAN
Version: 1.2.1
Hash: ff2749d196ea50b577e8c3c8163a9a96
Requires: crayon, data.table, dplyr, ellipsis, glue, lifecycle, rlang,
    tibble, tidyselect, vctrs

Package: e1071
Source: CRAN
Version: 1.7-13
Hash: ac36139ede6e2a1d9b3e64e3b3804f4f
Requires: proxy

Package: ellipsis
Source: CRAN
Version: 0.3.2
Hash: b21bfc48556c0c6a93fc9ede6c00cfaf
Requires: rlang

Package: evaluate
Source: CRAN
Version: 0.21
Hash: 38da02fd978c50c6c21a8d215ac680bc

Package: exactRankTests
Source: CRAN
Version: 0.8-35
Hash: 43f331f877c4bde4de9b4829a57c14b2

Package: exactextractr
Source: CRAN
Version: 0.7.2
Hash: b0429f27f9aed9530650bfa8d03ab2d2
Requires: Rcpp, raster, sf

Package: extrafont
Source: CRAN
Version: 0.18
Hash: e5e042a984103527c0f412f8548c93b5
Requires: Rttf2pt1, extrafontdb

Package: extrafontdb
Source: CRAN
Version: 1.0
Hash: 72269616f582dc675c90ecd025af2754

Package: fansi
Source: CRAN
Version: 1.0.4
Hash: dc2fc5772a6572803af7be5fd52e884a

Package: farver
Source: CRAN
Version: 2.1.1
Hash: a85360b64e558178d3017d7744895bf6

Package: fastmap
Source: CRAN
Version: 1.1.1
Hash: 32d3071f5657e52a92008e77660b45e4

Package: fontBitstreamVera
Source: CRAN
Version: 0.1.1
Hash: 2caf9660eaeb04b54c5743d2244ab4df

Package: fontLiberation
Source: CRAN
Version: 0.1.0
Hash: 6b377208036371a563e7e97ad40aeba6

Package: fontawesome
Source: CRAN
Version: 0.5.2
Hash: 89f4f0400d0ff3fc6409348f9af5d47d
Requires: htmltools, rlang

Package: fontquiver
Source: CRAN
Version: 0.2.1
Hash: 1bf3df50b61659ccb16cec993ec16ed3
Requires: fontBitstreamVera, fontLiberation

Package: forcats
Source: CRAN
Version: 0.5.1
Hash: d95e6deaed2fcb1f74a7764f42524fc2
Requires: ellipsis, magrittr, rlang, tibble

Package: foreach
Source: CRAN
Version: 1.5.2
Hash: cf29f1bc15b3e7fa58d1d4f75b6ad268
Requires: iterators

Package: fs
Source: CRAN
Version: 1.6.3
Hash: 86d3c08b9086b3fbbf03b958482bb919

Package: furrr
Source: CRAN
Version: 0.3.1
Hash: 384e3d0e5d74f7578bacafc989878fe3
Requires: future, globals, lifecycle, rlang, vctrs, purrr

Package: future
Source: CRAN
Version: 1.30.0
Hash: f0b000afeb19f3c9c6edb26644d32b76
Requires: digest, listenv, parallelly, globals

Package: future.apply
Source: CRAN
Version: 1.9.0
Hash: e58729b3305e0de5c55a557aabd62f6e
Requires: future, globals

Package: gargle
Source: CRAN
Version: 1.2.0
Hash: 892dc651c30dbd435c44f4f0a7c03f9a
Requires: cli, fs, glue, httr, jsonlite, lifecycle, openssl, rlang,
    withr, rappdirs

Package: gdtools
Source: CRAN
Version: 0.3.2
Hash: b676320d6adf4cb32d2b1f5d903c0de1
Requires: Rcpp, curl, fontquiver, gfonts, htmltools, memoise,
    systemfonts

Package: generics
Source: CRAN
Version: 0.1.3
Hash: a6c0d980f278aa9014c38d0d12d87a69

Package: gfonts
Source: CRAN
Version: 0.2.0
Hash: cacecdb3a2274f49b0fad58c7c1535ed
Requires: crayon, crul, glue, htmltools, jsonlite, shiny

Package: ggdist
Source: CRAN
Version: 3.1.1
Hash: c2c61de8ec0bde564e817cdb3992367d
Requires: distributional, dplyr, ggplot2, glue, numDeriv, rlang,
    scales, tibble, tidyselect, vctrs, withr, HDInterval

Package: ggmap
Source: CRAN
Version: 3.0.2
Hash: 896df3f009033285865bd52b6d253680
Requires: RgoogleMaps, bitops, cli, digest, dplyr, ggplot2, glue, httr,
    jpeg, magrittr, plyr, png, purrr, rlang, scales, stringr, tibble,
    tidyr

Package: ggmcmc
Source: CRAN
Version: 1.5.1.1
Hash: 9af777f98badd721c63f48a8f07519c0
Requires: GGally, dplyr, ggplot2, tidyr

Package: ggplot2
Source: CRAN
Version: 3.4.3
Hash: 79e1b3894eb7e937301044d79bdab6b0
Requires: cli, glue, gtable, lifecycle, rlang, scales, tibble, vctrs,
    withr, isoband

Package: ggpubr
Source: CRAN
Version: 0.4.0
Hash: 14e08e93e6aaca54c77fc89ad187bc50
Requires: cowplot, dplyr, ggplot2, ggrepel, ggsci, ggsignif, glue,
    gridExtra, magrittr, polynom, purrr, rlang, rstatix, scales,
    tibble, tidyr

Package: ggrepel
Source: CRAN
Version: 0.9.3
Hash: 7977be98e95a88ba62b5d234afa677c5
Requires: Rcpp, ggplot2, rlang, scales, withr

Package: ggridges
Source: CRAN
Version: 0.5.4
Hash: a9e2ac758330ef497dd02ed89da36d41
Requires: ggplot2, scales, withr

Package: ggsci
Source: CRAN
Version: 2.9
Hash: d8f7c2bc9631710ee2008fa5b5ff2c80
Requires: ggplot2, scales

Package: ggsignif
Source: CRAN
Version: 0.6.3
Hash: eac57ee2d61f1c3a0107b46f6f2fea37
Requires: ggplot2

Package: ggsn
Source: CRAN
Version: 0.5.0
Hash: 7271a0ea67af0ba833bb907e7daa952d
Requires: ggmap, ggplot2, maptools, png, sf

Package: ggspatial
Source: CRAN
Version: 1.1.9
Hash: f9a7d6dd6d1a0e90c13d399bcf19cca6
Requires: abind, ggplot2, glue, rlang, scales, tibble, rosm, sf, tidyr

Package: ggtext
Source: CRAN
Version: 0.1.1
Hash: f577e79b32de56437db9f6b5b57b37c8
Requires: ggplot2, gridtext, rlang, scales

Package: globals
Source: CRAN
Version: 0.16.2
Hash: d2aba456c79d92229879aee4307a068e

Package: glue
Source: CRAN
Version: 1.6.2
Hash: 830d10f9f46e05aadfe458d2d31849e7

Package: googledrive
Source: CRAN
Version: 2.0.0
Hash: fc8bd268e9120656cc6d1bad10e8084d
Requires: cli, gargle, glue, httr, jsonlite, lifecycle, magrittr,
    pillar, purrr, rlang, tibble, uuid, vctrs, withr

Package: googlesheets4
Source: CRAN
Version: 1.0.0
Hash: 37e384c60a74b6ffe36427979d6b642b
Requires: cellranger, cli, curl, gargle, glue, googledrive, httr, ids,
    magrittr, purrr, rematch2, rlang, tibble, vctrs

Package: gower
Source: CRAN
Version: 1.0.0
Hash: a29dca45467a830ad9180be3b9bbfdb0

Package: gridExtra
Source: CRAN
Version: 2.3
Hash: fa977bc1aab5588a08123b10ceb1ad3d
Requires: gtable

Package: gridtext
Source: CRAN
Version: 0.1.4
Hash: c966a5edc5aba73db567e415c246a955
Requires: RCurl, Rcpp, markdown, png, rlang, xml2, jpeg, stringr

Package: gt
Source: CRAN
Version: 0.8.0
Hash: 694e13c33b8c65e67f7d81ce38b6db5d
Requires: base64enc, bitops, cli, commonmark, dplyr, fs, ggplot2, glue,
    htmltools, juicyjuice, magrittr, rlang, sass, scales, tibble,
    tidyselect, bigD

Package: gtable
Source: CRAN
Version: 0.3.4
Hash: b905c947dd9d04602db289a116f9bc29
Requires: cli, glue, rlang, lifecycle

Package: hardhat
Source: CRAN
Version: 0.2.0
Hash: f093a5ed262d9f03464af13c8af0cdfe
Requires: glue, rlang, tibble, vctrs

Package: haven
Source: CRAN
Version: 2.5.0
Hash: 2309655b764730bc8c1cc57117831d26
Requires: cli, cpp11, forcats, hms, lifecycle, readr, rlang, tibble,
    tidyselect, vctrs

Package: here
Source: CRAN
Version: 1.0.1
Hash: 606352b60a7cb2da5bcd4ed1c8753a81
Requires: rprojroot

Package: highr
Source: CRAN
Version: 0.10
Hash: 9626903e1534b1b96636b0687f0af8e3
Requires: xfun

Package: hms
Source: CRAN
Version: 1.1.2
Hash: 5edb7050f11948b571502831b7aba22f
Requires: lifecycle, pkgconfig, rlang, vctrs

Package: hrbrthemes
Source: CRAN
Version: 0.8.0
Hash: 4c342fe6ffbf8087f06eba288a7cc5d5
Requires: extrafont, gdtools, ggplot2, htmltools, knitr, magrittr,
    rmarkdown, scales

Package: htmltools
Source: CRAN
Version: 0.5.6
Hash: 2b8161defefc634ee1f4230de3b75e4a
Requires: digest, ellipsis, fastmap, rlang, base64enc

Package: httpcode
Source: CRAN
Version: 0.3.0
Hash: 1375ef892f669b895da7ef51e8e17464

Package: httpuv
Source: CRAN
Version: 1.6.11
Hash: a1fa2eaf55e0c0e72f27f29f93a8fd37
Requires: R6, Rcpp, later, promises

Package: httr
Source: CRAN
Version: 1.4.4
Hash: b41c36b1ccc80b558893b518c86aa8e2
Requires: R6, curl, jsonlite, mime, openssl

Package: ids
Source: CRAN
Version: 1.0.1
Hash: 5fe64020c5c5c86b8de249397dba4ebb
Requires: openssl, uuid

Package: infer
Source: CRAN
Version: 1.0.0
Hash: 540b762f198e3a0b9ad0b53ba023d2ac
Requires: broom, dplyr, generics, ggplot2, glue, magrittr, patchwork,
    purrr, rlang, tibble, tidyr

Package: inline
Source: CRAN
Version: 0.3.19
Hash: 9c8655af450de96d2890a4f6a89260b1

Package: ipred
Source: CRAN
Version: 0.9-12
Hash: 127cf793c6a2cc3c4300caba0b18461f
Requires: prodlim

Package: isoband
Source: CRAN
Version: 0.2.7
Hash: 991ca6dadd8b3a866a616484b1d04d32

Package: iterators
Source: CRAN
Version: 1.0.14
Hash: 8b1b4929893f3510c82824d8438245b5

Package: jpeg
Source: CRAN
Version: 0.1-9
Hash: 583659e7c6b23e4c1d309a6fc7972174

Package: jquerylib
Source: CRAN
Version: 0.1.4
Hash: 338eb4374296b76bdee1e463c810113d
Requires: htmltools

Package: jsonlite
Source: CRAN
Version: 1.8.7
Hash: 735ad07994232c244b084cad0190c652

Package: juicyjuice
Source: CRAN
Version: 0.1.0
Hash: f75e17829d8f67b33a64df87e24cb7bc
Requires: V8

Package: km.ci
Source: CRAN
Version: 0.5-6
Hash: 4d718054fb82c7d4b79eddc29e081771

Package: knitr
Source: CRAN
Version: 1.44
Hash: 1526c405e53ba09f13f711c347504a57
Requires: xfun, evaluate, yaml, highr

Package: labeling
Source: CRAN
Version: 0.4.3
Hash: b325ae120b98d5afec38437dab4bb3c0

Package: later
Source: CRAN
Version: 1.3.1
Hash: 4ebb290300902963c085a9a3c7826e69
Requires: Rcpp, rlang

Package: lava
Source: CRAN
Version: 1.6.10
Hash: 20d67adcc778b155a469be0e86c747b2
Requires: future.apply, numDeriv, progressr, SQUAREM

Package: lhs
Source: CRAN
Version: 1.1.5
Hash: 284b22ea4d0ebd8a6fa8a94056184723
Requires: Rcpp

Package: lifecycle
Source: CRAN
Version: 1.0.3
Hash: 4a4f777d6c5faae89b4b73c13a5ceebd
Requires: cli, glue, rlang

Package: listenv
Source: CRAN
Version: 0.9.0
Hash: 5b880b7149a1edf9a7e512200e583274

Package: lme4
Source: CRAN
Version: 1.1-34
Hash: 11eee4eef08537268a7c50ecc66fe2d8
Requires: Rcpp, RcppEigen, minqa, nloptr

Package: loo
Source: CRAN
Version: 2.6.0
Hash: 439d5acd5ac61acb59a0cce6833c6afb
Requires: checkmate, matrixStats

Package: lubridate
Source: CRAN
Version: 1.9.0
Hash: b3db24ac5b2a54d28f04328c5b23b49c
Requires: timechange, generics

Package: magick
Source: CRAN
Version: 2.7.3
Hash: 8dedf5d5bf3543721eba5690a20fffc2
Requires: Rcpp, curl, magrittr

Package: magrittr
Source: CRAN
Version: 2.0.3
Hash: b323532bfd2fe948d0eb19afa866cb12

Package: maptools
Source: CRAN
Version: 1.1-4
Hash: a645bede230e2384acf227d55b270b77
Requires: sp

Package: markdown
Source: CRAN
Version: 1.7
Hash: d701bb0326f486eca18b1c287ecc4b13
Requires: commonmark, xfun

Package: matrixStats
Source: CRAN
Version: 1.0.0
Hash: cd3df37b896d07b157a711b9cdb29e53

Package: maxstat
Source: CRAN
Version: 0.7-25
Hash: 57f05acb48848b99afcadf8b18f9ce31
Requires: mvtnorm, exactRankTests

Package: memoise
Source: CRAN
Version: 2.0.1
Hash: fa0687ee20196d8aa4e2d724cb0f7199
Requires: rlang, cachem

Package: mime
Source: CRAN
Version: 0.12
Hash: 98a37137be334916af8af26354bb37e9

Package: minqa
Source: CRAN
Version: 1.2.5
Hash: d6c2f06281b75a839462a07906cda985
Requires: Rcpp

Package: modeldata
Source: CRAN
Version: 0.1.1
Hash: 494fe7b058dbd3b702e7df46cf77b7f8

Package: modelr
Source: CRAN
Version: 0.1.8
Hash: 928bb1b05c02dc49cdb3c75ab39647ec
Requires: broom, magrittr, purrr, rlang, tibble, tidyr, tidyselect,
    vctrs

Package: munsell
Source: CRAN
Version: 0.5.0
Hash: 38d0efee9bb99bef143bde41c4ce715c
Requires: colorspace

Package: mvtnorm
Source: CRAN
Version: 1.1-3
Hash: fec6d3ac6c3ed5a096c465dcf4cd0606

Package: nloptr
Source: CRAN
Version: 2.0.3
Hash: 9d1dee1e8b80a4174dff7cc6fbbf1a95
Requires: testthat

Package: numDeriv
Source: CRAN
Version: 2016.8-1.1
Hash: 4655a089f4d8b80268adaf83d6cd5fb2

Package: openssl
Source: CRAN
Version: 2.0.5
Hash: d161b1da1ec8b54285aaf071849ed128
Requires: askpass

Package: overlapping
Source: CRAN
Version: 1.7
Hash: 292753e8eef7a5b99b3dcdf62453caa7
Requires: ggplot2, testthat

Package: pROC
Source: CRAN
Version: 1.18.0
Hash: 225f3bbec1da18aadba2b0c182557449
Requires: Rcpp, plyr

Package: packrat
Source: CRAN
Version: 0.9.2
Hash: d3bf41196a75aea08470c041f34bddff

Package: parallelly
Source: CRAN
Version: 1.33.0
Hash: ad9520a5a3bbc22e1ccd7ef388b17c9d

Package: parsnip
Source: CRAN
Version: 0.2.1
Hash: 4357bcbb3c743b56d8b521e5bbd45f51
Requires: cli, dplyr, generics, ggplot2, globals, glue, hardhat,
    lifecycle, magrittr, prettyunits, purrr, rlang, tibble, tidyr,
    vctrs, withr

Package: patchwork
Source: CRAN
Version: 1.1.1
Hash: 073899c50ba3d34c3c6a451a7512bce9
Requires: ggplot2, gtable

Package: pbapply
Source: CRAN
Version: 1.7-0
Hash: f1dbaa13f265567a0e0488a4acb5339b

Package: pbkrtest
Source: CRAN
Version: 0.5.2
Hash: 2bf7aaf18bcc50abcfc20d794fc8799f
Requires: broom, dplyr, lme4, numDeriv

Package: pillar
Source: CRAN
Version: 1.9.0
Hash: b67d111d1d9bed9554805b7f4a2fab75
Requires: cli, fansi, glue, lifecycle, rlang, vctrs, utf8

Package: pkgbuild
Source: CRAN
Version: 1.4.2
Hash: 59b714c858e0f02d62c64dd45a2a5a2a
Requires: R6, callr, cli, crayon, desc, processx, rprojroot,
    prettyunits

Package: pkgconfig
Source: CRAN
Version: 2.0.3
Hash: 5ff5f2361851a49534c96caa2a8071c7

Package: pkgload
Source: CRAN
Version: 1.3.2.1
Hash: 940f8b204082dfc1b61692ffbc9cc90a
Requires: cli, crayon, desc, rlang, rprojroot, fs, glue, withr

Package: plyr
Source: CRAN
Version: 1.8.8
Hash: 118310452c48af65fbcc52e96e148ebe
Requires: Rcpp

Package: png
Source: CRAN
Version: 0.1-8
Hash: 28683833f8fb1df2d15a729e416ab346

Package: polynom
Source: CRAN
Version: 1.4-1
Hash: 38f87b2e2ae0d0dd1dd79af7dcd216ba

Package: posterior
Source: CRAN
Version: 1.4.1
Hash: de441aeadfdee8db5cef3e52aa406d1f
Requires: checkmate, distributional, matrixStats, pillar, rlang,
    tensorA, tibble, vctrs, abind

Package: praise
Source: CRAN
Version: 1.0.0
Hash: 77da8f1df873a4b91e5c4a68fe2fb1b6

Package: prettyunits
Source: CRAN
Version: 1.1.1
Hash: 20669cd8bb8b3207f6371edf8cf510af

Package: processx
Source: CRAN
Version: 3.8.2
Hash: 0851218eab64fa6290f63a4347579988
Requires: ps, R6

Package: prodlim
Source: CRAN
Version: 2019.11.13
Hash: 9e32012e50af46c5b67765b8093370c5
Requires: Rcpp, lava

Package: progress
Source: CRAN
Version: 1.2.2
Hash: 209280eb751acf5899f7c69366e14bd3
Requires: R6, crayon, hms, prettyunits

Package: progressr
Source: CRAN
Version: 0.10.0
Hash: fac62d14796b3915b07943fab8971dae
Requires: digest

Package: promises
Source: CRAN
Version: 1.2.0.1
Hash: 5d21c17ef523aa541a7eb2296c10f8d4
Requires: R6, Rcpp, later, magrittr, rlang

Package: proxy
Source: CRAN
Version: 0.4-27
Hash: 501358d3f292ba137b440bc8fbc4dba0

Package: ps
Source: CRAN
Version: 1.7.5
Hash: e66768bb271558f9eb3dcc56be5b50ef

Package: purrr
Source: CRAN
Version: 1.0.1
Hash: f795f222461d0a78a99ff5dc0126bd7f
Requires: cli, lifecycle, magrittr, rlang, vctrs

Package: quantreg
Source: CRAN
Version: 5.94
Hash: 048c2729298f1c0f52f33da37010cc54
Requires: MatrixModels, SparseM

Package: rappdirs
Source: CRAN
Version: 0.3.3
Hash: fd602edfd7dbf365642e35dd9cc97958

Package: raster
Source: CRAN
Version: 3.6-23
Hash: 893d1fda5fcab5edc3583c535af3f10e
Requires: Rcpp, sp, terra

Package: readr
Source: CRAN
Version: 2.1.3
Hash: 934387f05bcc8ae21fa6174cdae6819d
Requires: R6, cli, clipr, cpp11, crayon, hms, lifecycle, rlang, tibble,
    tzdb, vroom

Package: readxl
Source: CRAN
Version: 1.4.1
Hash: 19a02ea9bb79fe11a749f14ec0a795f2
Requires: cellranger, cpp11, progress, tibble

Package: recipes
Source: CRAN
Version: 0.2.0
Hash: 071f77169ec68f81cdfeb75c03291282
Requires: dplyr, ellipsis, generics, glue, hardhat, ipred, lifecycle,
    lubridate, magrittr, purrr, rlang, tibble, tidyr, tidyselect,
    timeDate, vctrs, withr, gower

Package: rematch
Source: CRAN
Version: 1.0.1
Hash: ad4faf59e7611117ff165817074c50c7

Package: rematch2
Source: CRAN
Version: 2.1.2
Hash: b6823f74d6525d39d153620d21e206df
Requires: tibble

Package: reprex
Source: CRAN
Version: 2.0.1
Hash: 8b0bcc91528642c7264dc1c0634cc652
Requires: callr, cli, fs, glue, rlang, rstudioapi, withr, clipr, knitr,
    rmarkdown

Package: reshape
Source: CRAN
Version: 0.8.9
Hash: f1da45c4641c48f017d867909861dbb3
Requires: plyr

Package: reshape2
Source: CRAN
Version: 1.4.4
Hash: 274a8f9ee406c1c3d5979a6f7828cd19
Requires: Rcpp, plyr, stringr

Package: rgdal
Source: CRAN
Version: 1.6-2
Hash: 4e1ecd6f0aa5272cbaf950f6e6827bfb
Requires: sp

Package: rlang
Source: CRAN
Version: 1.1.1
Hash: 81dd2d2523e8f547b4a854297f8b4968

Package: rmarkdown
Source: CRAN
Version: 2.25
Hash: d68d0eb4181863ea7da515a735d259e1
Requires: bslib, evaluate, fontawesome, htmltools, jquerylib, jsonlite,
    knitr, stringr, xfun, yaml, tinytex

Package: rosm
Source: CRAN
Version: 0.3.0
Hash: 29f819d5321e44ebd6b12ffa0682bc5a
Requires: curl, glue, rlang, jpeg, png, progress, wk

Package: rprojroot
Source: CRAN
Version: 2.0.3
Hash: 8acc72d6d4f64fe01e2af6f7ee383e6e

Package: rsample
Source: CRAN
Version: 0.1.1
Hash: 0dd6d3a9fc3e1806be1038cb52aaa1a7
Requires: dplyr, ellipsis, furrr, generics, lifecycle, purrr, rlang,
    slider, tibble, tidyr, tidyselect, vctrs

Package: rstan
Source: CRAN
Version: 2.21.8
Hash: 36e7be41276698bd95822826bc3e70fe
Requires: Rcpp, RcppEigen, RcppParallel, StanHeaders, ggplot2,
    gridExtra, loo, pkgbuild, BH, inline

Package: rstatix
Source: CRAN
Version: 0.7.0
Hash: e618d12f91dc210b7261bf51b328cb0c
Requires: broom, car, dplyr, generics, magrittr, purrr, rlang, tibble,
    tidyr, tidyselect, corrplot

Package: rstudioapi
Source: CRAN
Version: 0.15.0
Hash: 978a3c961d2c1d95f2cb9edb58f68cb7

Package: rvest
Source: CRAN
Version: 1.0.2
Hash: 0fa23788a149d060ebee5bf9114dfd0f
Requires: httr, lifecycle, magrittr, rlang, selectr, tibble, xml2

Package: s2
Source: CRAN
Version: 1.1.4
Hash: b422d853c5555662659d61e10322d54b
Requires: Rcpp, wk

Package: sass
Source: CRAN
Version: 0.4.7
Hash: 7600d336ec4a412960f81867cbe1a235
Requires: R6, fs, htmltools, rappdirs, rlang

Package: scales
Source: CRAN
Version: 1.2.1
Hash: eea90021e97de48211d4d46d103d3718
Requires: R6, lifecycle, rlang, RColorBrewer, farver, labeling,
    viridisLite, munsell

Package: selectr
Source: CRAN
Version: 0.4-2
Hash: b915e37654e476cbad2ceb063a2b8edb
Requires: R6, stringr

Package: sf
Source: CRAN
Version: 1.0-14
Hash: 284788944c4c4b5741853ac001c95258
Requires: Rcpp, magrittr, DBI, units, s2, classInt

Package: shiny
Source: CRAN
Version: 1.7.4.1
Hash: 2e4e58b8f3044ab730e5ad9e06eed023
Requires: R6, cachem, commonmark, crayon, ellipsis, fastmap, glue,
    httpuv, jsonlite, later, lifecycle, mime, promises, rlang,
    sourcetools, withr, xtable, htmltools, fontawesome, bslib

Package: slider
Source: CRAN
Version: 0.2.2
Hash: 2490e05576c47a4c539aefeade0789ed
Requires: glue, rlang, vctrs, warp, ellipsis

Package: slippymath
Source: CRAN
Version: 0.3.1
Hash: db216979f0d7fdeea27776bd7c1260c7
Requires: png, purrr, raster

Package: sourcetools
Source: CRAN
Version: 0.1.7-1
Hash: a5577b3b55aeb055fce58b3a5a378223

Package: sp
Source: CRAN
Version: 2.0-0
Hash: 81eb341ee9a3db44299f4c600cc4e1be

Package: stringi
Source: CRAN
Version: 1.7.12
Hash: bb5fb5d604d737e9aef19b49afd2d415

Package: stringr
Source: CRAN
Version: 1.5.0
Hash: c88aa5331cbdf85895169bfb0c6bd15d
Requires: cli, glue, lifecycle, magrittr, rlang, vctrs, stringi

Package: survMisc
Source: CRAN
Version: 0.5.6
Hash: 3802155bc23bb27a0d6a4e191aab1815
Requires: data.table, ggplot2, gridExtra, km.ci, knitr, xtable, zoo,
    KMsurv

Package: survminer
Source: CRAN
Version: 0.4.9
Hash: 25daf85348d3724d40d425d459c70f26
Requires: broom, dplyr, ggplot2, ggpubr, ggtext, gridExtra, magrittr,
    maxstat, purrr, rlang, scales, survMisc, tibble, tidyr

Package: svUnit
Source: CRAN
Version: 1.0.6
Hash: 1d1d8a77dcf789404053a5bc9efd89e8

Package: sys
Source: CRAN
Version: 3.4.1
Hash: 21b50a2d1de81aef7cff670d63572dc7

Package: systemfonts
Source: CRAN
Version: 1.0.4
Hash: 5bc2275701453d85265f5c16809ff714
Requires: cpp11

Package: tensorA
Source: CRAN
Version: 0.36.2
Hash: 85c4dcb6f3c5141fba60700a262a49fd

Package: terra
Source: CRAN
Version: 1.7-29
Hash: 95876841c82fe3a812f14d3e6c8156b3
Requires: Rcpp

Package: testthat
Source: CRAN
Version: 3.1.10
Hash: 7c9f66ca810d89b04dfc2e89724762d0
Requires: R6, callr, cli, desc, digest, ellipsis, evaluate, jsonlite,
    lifecycle, magrittr, pkgload, praise, processx, ps, rlang, waldo,
    withr, brio

Package: tibble
Source: CRAN
Version: 3.2.1
Hash: f634c4ad37cc3daf43bff89d25575d98
Requires: lifecycle, magrittr, rlang, vctrs, fansi, pkgconfig, pillar

Package: tidybayes
Source: CRAN
Version: 3.0.2
Hash: c35f381c87861ac5d7df187ae28d6155
Requires: arrayhelpers, coda, dplyr, ggdist, ggplot2, magrittr,
    posterior, rlang, tibble, tidyr, tidyselect, vctrs, withr

Package: tidylog
Source: CRAN
Version: 1.0.2
Hash: 04fa401b5a5562e8d88bc2cf66e7ce09
Requires: dplyr, glue, tidyr, clisymbols

Package: tidymodels
Source: CRAN
Version: 0.2.0
Hash: bfafbf44da02d63fbc3ddd1698a36a74
Requires: broom, cli, conflicted, dials, dplyr, ggplot2, hardhat,
    infer, modeldata, parsnip, purrr, recipes, rlang, rsample,
    rstudioapi, tibble, tidyr, tune, workflows, workflowsets, yardstick

Package: tidyr
Source: CRAN
Version: 1.3.0
Hash: 52540b6da874c5cebf9282475c7c50f2
Requires: cli, cpp11, dplyr, glue, lifecycle, magrittr, purrr, rlang,
    stringr, tibble, tidyselect, vctrs

Package: tidyselect
Source: CRAN
Version: 1.2.0
Hash: a8024839f4e6ad6f05fef2bf4ba21fc5
Requires: cli, glue, lifecycle, rlang, vctrs, withr

Package: tidyverse
Source: CRAN
Version: 1.3.2
Hash: 6e3bcd8e5adf677a080a0d330f2e3096
Requires: broom, cli, crayon, dbplyr, dplyr, dtplyr, forcats, ggplot2,
    googledrive, googlesheets4, haven, hms, httr, jsonlite, lubridate,
    magrittr, modelr, pillar, purrr, readr, readxl, reprex, rlang,
    rstudioapi, rvest, stringr, tibble, tidyr, xml2

Package: timeDate
Source: CRAN
Version: 3043.102
Hash: bf9c128558c5730c3fbaf9ea5196e4bc

Package: timechange
Source: CRAN
Version: 0.1.1
Hash: 3b3b021eb540d894417ebfb3426913e8
Requires: cpp11

Package: tinytex
Source: CRAN
Version: 0.46
Hash: 8b91fdda9e73f82b11030a4105e778ba
Requires: xfun

Package: triebeard
Source: CRAN
Version: 0.3.0
Hash: f225d3efa7e76872e2809ff163d559f7
Requires: Rcpp

Package: tune
Source: CRAN
Version: 0.2.0
Hash: ab0e3f897c3e238f9bdb2f4a48dfdcda
Requires: GPfit, cli, dials, dplyr, foreach, generics, ggplot2, glue,
    hardhat, lifecycle, parsnip, purrr, recipes, rlang, rsample,
    tibble, tidyr, vctrs, withr, workflows, yardstick

Package: tzdb
Source: CRAN
Version: 0.3.0
Hash: b3620aa9b7ac2191f8ede1b53eff0a56
Requires: cpp11

Package: units
Source: CRAN
Version: 0.8-4
Hash: a104af384ca36a1e1ac3c20247e94521
Requires: Rcpp

Package: urltools
Source: CRAN
Version: 1.7.3
Hash: e8371ee08d49496588a8126c4bff79e6
Requires: Rcpp, triebeard

Package: utf8
Source: CRAN
Version: 1.2.3
Hash: 72ed9385400277aec860bbc0c09f4aeb

Package: uuid
Source: CRAN
Version: 1.1-0
Hash: 323d2e3bd5a093772d84b390f0e05500

Package: vctrs
Source: CRAN
Version: 0.6.3
Hash: 447f10494a8fa77690bfa6a02c0b6441
Requires: cli, glue, lifecycle, rlang

Package: viridisLite
Source: CRAN
Version: 0.4.2
Hash: 5d04b69b3004921c88af88bcce67e7d9

Package: vroom
Source: CRAN
Version: 1.6.1
Hash: 9b6fbb907417be7c15b01adf5c600f80
Requires: bit64, cli, cpp11, crayon, glue, lifecycle, rlang, tibble,
    tzdb, vctrs, withr, hms, tidyselect, progress

Package: waldo
Source: CRAN
Version: 0.5.1
Hash: 4f282785775b0e74570353c2c9592958
Requires: cli, diffobj, fansi, glue, rematch2, rlang, tibble

Package: warp
Source: CRAN
Version: 0.2.0
Hash: a5b5f39f730aa261667d0ee7a7d156f2

Package: withr
Source: CRAN
Version: 2.5.1
Hash: b7bf19597d63c0ec805f25192095e308

Package: wk
Source: CRAN
Version: 0.8.0
Hash: 50bce57c4d16bab15bae61f0330a4aa5

Package: workflows
Source: CRAN
Version: 0.2.6
Hash: 398f5c2760d781a8dbe00c03f2dc4210
Requires: cli, generics, glue, hardhat, lifecycle, parsnip, rlang,
    tidyselect, vctrs

Package: workflowsets
Source: CRAN
Version: 0.2.1
Hash: 95629b9d3a9ac2fe943c754da205b941
Requires: cli, dplyr, generics, ggplot2, hardhat, lifecycle,
    prettyunits, purrr, rlang, rsample, tibble, tidyr, tune, vctrs,
    withr, workflows

Package: xfun
Source: CRAN
Version: 0.40
Hash: b897e04e213165fde29135d83e9f3413

Package: xml2
Source: CRAN
Version: 1.3.3
Hash: cef8db3a417c45d9fa118412f7b10e92

Package: xtable
Source: CRAN
Version: 1.8-4
Hash: dc0d47261b678d26032363bebd050540

Package: yaml
Source: CRAN
Version: 2.3.7
Hash: 4a69e3579f4c55aa6bd6d6ce43d70cc0

Package: yardstick
Source: CRAN
Version: 0.0.9
Hash: 3e25a4b95947b44123cc8e68e37f640f
Requires: dplyr, generics, pROC, rlang, tidyselect, vctrs

Package: zoo
Source: CRAN
Version: 1.8-12
Hash: 2711d391ffcee3e2a9b1fb06f67ef273
